
Microsoft Visual Studio Solution File, Format Version 12.00
# Visual Studio 15
Project("{FAE04EC0-301F-11D3-BF4B-00C04F79EFBC}") = "UniversityInfo", "UniversityInfo\UniversityInfo.csproj", "{F6A62464-DD40-45B6-923D-79175F2923DD}"
EndProject
Global
	GlobalSection(SolutionConfigurationPlatforms) = preSolution
		Debug|Any CPU = Debug|Any CPU
		Release|Any CPU = Release|Any CPU
	EndGlobalSection
	GlobalSection(ProjectConfigurationPlatforms) = postSolution
		{F6A62464-DD40-45B6-923D-79175F2923DD}.Debug|Any CPU.ActiveCfg = Debug|Any CPU
		{F6A62464-DD40-45B6-923D-79175F2923DD}.Debug|Any CPU.Build.0 = Debug|Any CPU
		{F6A62464-DD40-45B6-923D-79175F2923DD}.Release|Any CPU.ActiveCfg = Release|Any CPU
		{F6A62464-DD40-45B6-923D-79175F2923DD}.Release|Any CPU.Build.0 = Release|Any CPU
	EndGlobalSection
EndGlobal
